
Microsoft Visual Studio Solution File, Format Version 12.00
# Visual Studio Version 16
VisualStudioVersion = 25.0.1703.8
MinimumVisualStudioVersion = 10.0.40219.1
Project("{FAE04EC0-301F-11D3-BF4B-00C04F79EFBC}") = "Algorithm", "Algorithm\Algorithm.csproj", "{5904493F-3448-4F3B-9227-7C51AD029946}"
EndProject
Project("{2150E333-8FDC-42A3-9474-1A3956D46DE8}") = "Solution Items", "Solution Items", "{E746B08F-5D23-41DB-B1E7-4197B785AB2F}"
	ProjectSection(SolutionItems) = preProject
		.editorconfig = .editorconfig
	EndProjectSection
EndProject
Project("{FAE04EC0-301F-11D3-BF4B-00C04F79EFBC}") = "StringCollection", "StringCollection\StringCollection.csproj", "{E0A5BE20-87D1-4FD3-AD00-C855C3EC76C3}"
EndProject
Project("{FAE04EC0-301F-11D3-BF4B-00C04F79EFBC}") = "SortCollection", "SortCollection\SortCollection.csproj", "{EE38D892-B283-4732-A5A6-95C32E861800}"
EndProject
Project("{FAE04EC0-301F-11D3-BF4B-00C04F79EFBC}") = "GraphSearch", "GraphSearch\GraphSearch.csproj", "{2FBAB3BF-BF57-4157-ADC3-04EC1E91424B}"
EndProject
Project("{FAE04EC0-301F-11D3-BF4B-00C04F79EFBC}") = "SecurityUtility", "SecurityUtility\SecurityUtility.csproj", "{64F89E38-1E68-42C9-9BC0-06858C25DFA7}"
EndProject
Project("{FAE04EC0-301F-11D3-BF4B-00C04F79EFBC}") = "MathCollection", "MathCollection\MathCollection.csproj", "{FCCB8460-5EC2-44BB-9A42-FEFC21B9BD78}"
EndProject
Global
	GlobalSection(SolutionConfigurationPlatforms) = preSolution
		Debug|Any CPU = Debug|Any CPU
		Release|Any CPU = Release|Any CPU
	EndGlobalSection
	GlobalSection(ProjectConfigurationPlatforms) = postSolution
		{5904493F-3448-4F3B-9227-7C51AD029946}.Debug|Any CPU.ActiveCfg = Debug|Any CPU
		{5904493F-3448-4F3B-9227-7C51AD029946}.Debug|Any CPU.Build.0 = Debug|Any CPU
		{5904493F-3448-4F3B-9227-7C51AD029946}.Release|Any CPU.ActiveCfg = Release|Any CPU
		{5904493F-3448-4F3B-9227-7C51AD029946}.Release|Any CPU.Build.0 = Release|Any CPU
		{E0A5BE20-87D1-4FD3-AD00-C855C3EC76C3}.Debug|Any CPU.ActiveCfg = Debug|Any CPU
		{E0A5BE20-87D1-4FD3-AD00-C855C3EC76C3}.Debug|Any CPU.Build.0 = Debug|Any CPU
		{E0A5BE20-87D1-4FD3-AD00-C855C3EC76C3}.Release|Any CPU.ActiveCfg = Release|Any CPU
		{E0A5BE20-87D1-4FD3-AD00-C855C3EC76C3}.Release|Any CPU.Build.0 = Release|Any CPU
		{EE38D892-B283-4732-A5A6-95C32E861800}.Debug|Any CPU.ActiveCfg = Debug|Any CPU
		{EE38D892-B283-4732-A5A6-95C32E861800}.Debug|Any CPU.Build.0 = Debug|Any CPU
		{EE38D892-B283-4732-A5A6-95C32E861800}.Release|Any CPU.ActiveCfg = Release|Any CPU
		{EE38D892-B283-4732-A5A6-95C32E861800}.Release|Any CPU.Build.0 = Release|Any CPU
		{2FBAB3BF-BF57-4157-ADC3-04EC1E91424B}.Debug|Any CPU.ActiveCfg = Debug|Any CPU
		{2FBAB3BF-BF57-4157-ADC3-04EC1E91424B}.Debug|Any CPU.Build.0 = Debug|Any CPU
		{2FBAB3BF-BF57-4157-ADC3-04EC1E91424B}.Release|Any CPU.ActiveCfg = Release|Any CPU
		{2FBAB3BF-BF57-4157-ADC3-04EC1E91424B}.Release|Any CPU.Build.0 = Release|Any CPU
		{64F89E38-1E68-42C9-9BC0-06858C25DFA7}.Debug|Any CPU.ActiveCfg = Debug|Any CPU
		{64F89E38-1E68-42C9-9BC0-06858C25DFA7}.Debug|Any CPU.Build.0 = Debug|Any CPU
		{64F89E38-1E68-42C9-9BC0-06858C25DFA7}.Release|Any CPU.ActiveCfg = Release|Any CPU
		{64F89E38-1E68-42C9-9BC0-06858C25DFA7}.Release|Any CPU.Build.0 = Release|Any CPU
		{FCCB8460-5EC2-44BB-9A42-FEFC21B9BD78}.Debug|Any CPU.ActiveCfg = Debug|Any CPU
		{FCCB8460-5EC2-44BB-9A42-FEFC21B9BD78}.Debug|Any CPU.Build.0 = Debug|Any CPU
		{FCCB8460-5EC2-44BB-9A42-FEFC21B9BD78}.Release|Any CPU.ActiveCfg = Release|Any CPU
		{FCCB8460-5EC2-44BB-9A42-FEFC21B9BD78}.Release|Any CPU.Build.0 = Release|Any CPU
	EndGlobalSection
	GlobalSection(SolutionProperties) = preSolution
		HideSolutionNode = FALSE
	EndGlobalSection
	GlobalSection(ExtensibilityGlobals) = postSolution
		SolutionGuid = {FB8070F4-80A4-48F2-8C98-76C5F105338F}
	EndGlobalSection
EndGlobal
